
Microsoft Visual Studio Solution File, Format Version 12.00
# Visual Studio Version 17
VisualStudioVersion = 17.6.33815.320
MinimumVisualStudioVersion = 10.0.40219.1
Project("{FAE04EC0-301F-11D3-BF4B-00C04F79EFBC}") = "Data", "Data\Data.csproj", "{A8C3409F-1A38-41C0-BF61-2D78377EEB0C}"
EndProject
Project("{FAE04EC0-301F-11D3-BF4B-00C04F79EFBC}") = "Service", "Service\Service.csproj", "{33284A00-7DDB-48BB-A914-63314E72087B}"
EndProject
Project("{FAE04EC0-301F-11D3-BF4B-00C04F79EFBC}") = "Presentation", "Presentation\Presentation.csproj", "{B1CFFA3C-0B74-4D6D-84CC-F21AB27C9A9A}"
EndProject
Global
	GlobalSection(SolutionConfigurationPlatforms) = preSolution
		Debug|Any CPU = Debug|Any CPU
		Release|Any CPU = Release|Any CPU
	EndGlobalSection
	GlobalSection(ProjectConfigurationPlatforms) = postSolution
		{A8C3409F-1A38-41C0-BF61-2D78377EEB0C}.Debug|Any CPU.ActiveCfg = Debug|Any CPU
		{A8C3409F-1A38-41C0-BF61-2D78377EEB0C}.Debug|Any CPU.Build.0 = Debug|Any CPU
		{A8C3409F-1A38-41C0-BF61-2D78377EEB0C}.Release|Any CPU.ActiveCfg = Release|Any CPU
		{A8C3409F-1A38-41C0-BF61-2D78377EEB0C}.Release|Any CPU.Build.0 = Release|Any CPU
		{33284A00-7DDB-48BB-A914-63314E72087B}.Debug|Any CPU.ActiveCfg = Debug|Any CPU
		{33284A00-7DDB-48BB-A914-63314E72087B}.Debug|Any CPU.Build.0 = Debug|Any CPU
		{33284A00-7DDB-48BB-A914-63314E72087B}.Release|Any CPU.ActiveCfg = Release|Any CPU
		{33284A00-7DDB-48BB-A914-63314E72087B}.Release|Any CPU.Build.0 = Release|Any CPU
		{B1CFFA3C-0B74-4D6D-84CC-F21AB27C9A9A}.Debug|Any CPU.ActiveCfg = Debug|Any CPU
		{B1CFFA3C-0B74-4D6D-84CC-F21AB27C9A9A}.Debug|Any CPU.Build.0 = Debug|Any CPU
		{B1CFFA3C-0B74-4D6D-84CC-F21AB27C9A9A}.Release|Any CPU.ActiveCfg = Release|Any CPU
		{B1CFFA3C-0B74-4D6D-84CC-F21AB27C9A9A}.Release|Any CPU.Build.0 = Release|Any CPU
	EndGlobalSection
	GlobalSection(SolutionProperties) = preSolution
		HideSolutionNode = FALSE
	EndGlobalSection
	GlobalSection(ExtensibilityGlobals) = postSolution
		SolutionGuid = {9C2B78EE-50F0-4ACF-A991-409FDC73CBA6}
	EndGlobalSection
EndGlobal
